
Microsoft Visual Studio Solution File, Format Version 12.00
# Visual Studio 2013
VisualStudioVersion = 12.0.40629.0
MinimumVisualStudioVersion = 10.0.40219.1
Project("{FAE04EC0-301F-11D3-BF4B-00C04F79EFBC}") = "FirstApplication", "FirstApplication\FirstApplication.csproj", "{BDB5D0F3-090E-432A-944F-4C415812F6B0}"
EndProject
Project("{FAE04EC0-301F-11D3-BF4B-00C04F79EFBC}") = "SecondWebApplication", "SecondWebApplication\SecondWebApplication.csproj", "{011C68E4-8744-473F-9201-642B9A8B4DCA}"
EndProject
Project("{FAE04EC0-301F-11D3-BF4B-00C04F79EFBC}") = "ComputerOrderForm", "ComputerOrderForm\ComputerOrderForm.csproj", "{AC51FE18-7531-484D-8820-CAC03F93B6E4}"
EndProject
Project("{FAE04EC0-301F-11D3-BF4B-00C04F79EFBC}") = "SessionVsApplication", "SessionApplication\SessionVsApplication.csproj", "{E053319E-0964-4F82-94F1-ADA9BEE37012}"
EndProject
Project("{FAE04EC0-301F-11D3-BF4B-00C04F79EFBC}") = "Cookies", "Cookies\Cookies.csproj", "{A8FA234E-BCF7-4C45-ABD2-3686D86539F9}"
EndProject
Project("{FAE04EC0-301F-11D3-BF4B-00C04F79EFBC}") = "WebControls", "WebControls\WebControls.csproj", "{8727BFDA-FB32-4F99-8D0A-B6479C394776}"
EndProject
Project("{FAE04EC0-301F-11D3-BF4B-00C04F79EFBC}") = "ValidationDemo", "ValidationDemo\ValidationDemo.csproj", "{B4F66012-C2CC-4822-B43A-B6DE46E67407}"
EndProject
Project("{FAE04EC0-301F-11D3-BF4B-00C04F79EFBC}") = "DataDemo", "DataDemo\DataDemo.csproj", "{DF727511-89C6-42C6-8F1F-70963CFF957C}"
EndProject
Project("{FAE04EC0-301F-11D3-BF4B-00C04F79EFBC}") = "OutOfTheBox", "OutOfTheBox\OutOfTheBox.csproj", "{AF0059FD-75B3-4E22-AB4A-D432DEB92E2B}"
EndProject
Project("{FAE04EC0-301F-11D3-BF4B-00C04F79EFBC}") = "FirstWebApiProject", "FirstWebApiProject\FirstWebApiProject.csproj", "{11C5FD46-AF09-4D66-B10B-1F0CBF1DE3CE}"
EndProject
Global
	GlobalSection(SolutionConfigurationPlatforms) = preSolution
		Debug|Any CPU = Debug|Any CPU
		Release|Any CPU = Release|Any CPU
	EndGlobalSection
	GlobalSection(ProjectConfigurationPlatforms) = postSolution
		{BDB5D0F3-090E-432A-944F-4C415812F6B0}.Debug|Any CPU.ActiveCfg = Debug|Any CPU
		{BDB5D0F3-090E-432A-944F-4C415812F6B0}.Debug|Any CPU.Build.0 = Debug|Any CPU
		{BDB5D0F3-090E-432A-944F-4C415812F6B0}.Release|Any CPU.ActiveCfg = Release|Any CPU
		{BDB5D0F3-090E-432A-944F-4C415812F6B0}.Release|Any CPU.Build.0 = Release|Any CPU
		{011C68E4-8744-473F-9201-642B9A8B4DCA}.Debug|Any CPU.ActiveCfg = Debug|Any CPU
		{011C68E4-8744-473F-9201-642B9A8B4DCA}.Debug|Any CPU.Build.0 = Debug|Any CPU
		{011C68E4-8744-473F-9201-642B9A8B4DCA}.Release|Any CPU.ActiveCfg = Release|Any CPU
		{011C68E4-8744-473F-9201-642B9A8B4DCA}.Release|Any CPU.Build.0 = Release|Any CPU
		{AC51FE18-7531-484D-8820-CAC03F93B6E4}.Debug|Any CPU.ActiveCfg = Debug|Any CPU
		{AC51FE18-7531-484D-8820-CAC03F93B6E4}.Debug|Any CPU.Build.0 = Debug|Any CPU
		{AC51FE18-7531-484D-8820-CAC03F93B6E4}.Release|Any CPU.ActiveCfg = Release|Any CPU
		{AC51FE18-7531-484D-8820-CAC03F93B6E4}.Release|Any CPU.Build.0 = Release|Any CPU
		{E053319E-0964-4F82-94F1-ADA9BEE37012}.Debug|Any CPU.ActiveCfg = Debug|Any CPU
		{E053319E-0964-4F82-94F1-ADA9BEE37012}.Debug|Any CPU.Build.0 = Debug|Any CPU
		{E053319E-0964-4F82-94F1-ADA9BEE37012}.Release|Any CPU.ActiveCfg = Release|Any CPU
		{E053319E-0964-4F82-94F1-ADA9BEE37012}.Release|Any CPU.Build.0 = Release|Any CPU
		{A8FA234E-BCF7-4C45-ABD2-3686D86539F9}.Debug|Any CPU.ActiveCfg = Debug|Any CPU
		{A8FA234E-BCF7-4C45-ABD2-3686D86539F9}.Debug|Any CPU.Build.0 = Debug|Any CPU
		{A8FA234E-BCF7-4C45-ABD2-3686D86539F9}.Release|Any CPU.ActiveCfg = Release|Any CPU
		{A8FA234E-BCF7-4C45-ABD2-3686D86539F9}.Release|Any CPU.Build.0 = Release|Any CPU
		{8727BFDA-FB32-4F99-8D0A-B6479C394776}.Debug|Any CPU.ActiveCfg = Debug|Any CPU
		{8727BFDA-FB32-4F99-8D0A-B6479C394776}.Debug|Any CPU.Build.0 = Debug|Any CPU
		{8727BFDA-FB32-4F99-8D0A-B6479C394776}.Release|Any CPU.ActiveCfg = Release|Any CPU
		{8727BFDA-FB32-4F99-8D0A-B6479C394776}.Release|Any CPU.Build.0 = Release|Any CPU
		{B4F66012-C2CC-4822-B43A-B6DE46E67407}.Debug|Any CPU.ActiveCfg = Debug|Any CPU
		{B4F66012-C2CC-4822-B43A-B6DE46E67407}.Debug|Any CPU.Build.0 = Debug|Any CPU
		{B4F66012-C2CC-4822-B43A-B6DE46E67407}.Release|Any CPU.ActiveCfg = Release|Any CPU
		{B4F66012-C2CC-4822-B43A-B6DE46E67407}.Release|Any CPU.Build.0 = Release|Any CPU
		{DF727511-89C6-42C6-8F1F-70963CFF957C}.Debug|Any CPU.ActiveCfg = Debug|Any CPU
		{DF727511-89C6-42C6-8F1F-70963CFF957C}.Debug|Any CPU.Build.0 = Debug|Any CPU
		{DF727511-89C6-42C6-8F1F-70963CFF957C}.Release|Any CPU.ActiveCfg = Release|Any CPU
		{DF727511-89C6-42C6-8F1F-70963CFF957C}.Release|Any CPU.Build.0 = Release|Any CPU
		{AF0059FD-75B3-4E22-AB4A-D432DEB92E2B}.Debug|Any CPU.ActiveCfg = Debug|Any CPU
		{AF0059FD-75B3-4E22-AB4A-D432DEB92E2B}.Debug|Any CPU.Build.0 = Debug|Any CPU
		{AF0059FD-75B3-4E22-AB4A-D432DEB92E2B}.Release|Any CPU.ActiveCfg = Release|Any CPU
		{AF0059FD-75B3-4E22-AB4A-D432DEB92E2B}.Release|Any CPU.Build.0 = Release|Any CPU
		{11C5FD46-AF09-4D66-B10B-1F0CBF1DE3CE}.Debug|Any CPU.ActiveCfg = Debug|Any CPU
		{11C5FD46-AF09-4D66-B10B-1F0CBF1DE3CE}.Debug|Any CPU.Build.0 = Debug|Any CPU
		{11C5FD46-AF09-4D66-B10B-1F0CBF1DE3CE}.Release|Any CPU.ActiveCfg = Release|Any CPU
		{11C5FD46-AF09-4D66-B10B-1F0CBF1DE3CE}.Release|Any CPU.Build.0 = Release|Any CPU
	EndGlobalSection
	GlobalSection(SolutionProperties) = preSolution
		HideSolutionNode = FALSE
	EndGlobalSection
EndGlobal
